{
  "name": "compartments",
  "version": "1.0.0",
  "lockfileVersion": 3,
  "requires": true,
  "packages": {
    "": {
      "name": "compartments",
      "version": "1.0.0",
      "license": "ISC",
      "dependencies": {
        "ses": "^1.7.0"
      }
    },
    "node_modules/@endo/env-options": {
      "version": "1.1.5",
      "resolved": "https://registry.npmjs.org/@endo/env-options/-/env-options-1.1.5.tgz",
      "integrity": "sha512-Pkov8WqmOIdwgREtntxSoYgRdRXqHE9N/ZMIPjSI6LV9p7c2bC9wc4pPZPjGPIb/O4phOikbvC6BcENE83T30Q=="
    },
    "node_modules/ses": {
      "version": "1.7.0",
      "resolved": "https://registry.npmjs.org/ses/-/ses-1.7.0.tgz",
      "integrity": "sha512-hgoFhIT4/axmORurcIeSx/j0ZY62X4qAUuuiA0di4DZLLKjN5TKIRI5Is/nqcfxAKBw5VOa3kMX4aYanbqkaCA==",
      "dependencies": {
        "@endo/env-options": "^1.1.5"
      }
    }
  }
}
